// !$*UTF8*$!
{
	archiveVersion = 1;
	classes = {
	};
	objectVersion = 50;
	objects = {

/* Begin PBXBuildFile section */
		B106F19426614A4A00FD3DD3 /* Budget_App_Part_2App.swift in Sources */ = {isa = PBXBuildFile; fileRef = B106F19326614A4A00FD3DD3 /* Budget_App_Part_2App.swift */; };
		B106F19626614A4A00FD3DD3 /* BudgetTabView.swift in Sources */ = {isa = PBXBuildFile; fileRef = B106F19526614A4A00FD3DD3 /* BudgetTabView.swift */; };
		B106F19826614A4B00FD3DD3 /* Assets.xcassets in Resources */ = {isa = PBXBuildFile; fileRef = B106F19726614A4B00FD3DD3 /* Assets.xcassets */; };
		B106F19B26614A4B00FD3DD3 /* Preview Assets.xcassets in Resources */ = {isa = PBXBuildFile; fileRef = B106F19A26614A4B00FD3DD3 /* Preview Assets.xcassets */; };
		B106F1AC26614E2E00FD3DD3 /* TransactionModel.swift in Sources */ = {isa = PBXBuildFile; fileRef = B106F1AB26614E2E00FD3DD3 /* TransactionModel.swift */; };
		B106F1B0266152BF00FD3DD3 /* DashboardView.swift in Sources */ = {isa = PBXBuildFile; fileRef = B106F1AF266152BF00FD3DD3 /* DashboardView.swift */; };
		B106F1B42661532B00FD3DD3 /* AccountView.swift in Sources */ = {isa = PBXBuildFile; fileRef = B106F1B32661532B00FD3DD3 /* AccountView.swift */; };
		B106F1B62661533900FD3DD3 /* BudgetView.swift in Sources */ = {isa = PBXBuildFile; fileRef = B106F1B52661533900FD3DD3 /* BudgetView.swift */; };
		B106F1BC26615B7700FD3DD3 /* TransactionDetailView.swift in Sources */ = {isa = PBXBuildFile; fileRef = B106F1BB26615B7700FD3DD3 /* TransactionDetailView.swift */; };
		B119381426685FBB003C9005 /* NewTransactionView.swift in Sources */ = {isa = PBXBuildFile; fileRef = B106F1B7266159CB00FD3DD3 /* NewTransactionView.swift */; };
		B1193816266867D9003C9005 /* BudgetModel.swift in Sources */ = {isa = PBXBuildFile; fileRef = B1193815266867D9003C9005 /* BudgetModel.swift */; };
		B119381826686E0F003C9005 /* NewBudgetView.swift in Sources */ = {isa = PBXBuildFile; fileRef = B119381726686E0F003C9005 /* NewBudgetView.swift */; };
		B119381D26688FD8003C9005 /* FilteredTransactionListView.swift in Sources */ = {isa = PBXBuildFile; fileRef = B119381C26688FD8003C9005 /* FilteredTransactionListView.swift */; };
		B119381F26689445003C9005 /* SearchBarView.swift in Sources */ = {isa = PBXBuildFile; fileRef = B119381E26689445003C9005 /* SearchBarView.swift */; };
		B11938212668BDE0003C9005 /* NumbersOnly.swift in Sources */ = {isa = PBXBuildFile; fileRef = B11938202668BDE0003C9005 /* NumbersOnly.swift */; };
		B1193824266931C8003C9005 /* TransactionFilterView.swift in Sources */ = {isa = PBXBuildFile; fileRef = B1193823266931C8003C9005 /* TransactionFilterView.swift */; };
		B1193841266966D7003C9005 /* SearchParameters.swift in Sources */ = {isa = PBXBuildFile; fileRef = B1193840266966D7003C9005 /* SearchParameters.swift */; };
		B11938432669872E003C9005 /* DateExtension.swift in Sources */ = {isa = PBXBuildFile; fileRef = B11938422669872E003C9005 /* DateExtension.swift */; };
		B1193845266987EC003C9005 /* OptionalExtension.swift in Sources */ = {isa = PBXBuildFile; fileRef = B1193844266987EC003C9005 /* OptionalExtension.swift */; };
		B11938472669E101003C9005 /* NewTransaction.swift in Sources */ = {isa = PBXBuildFile; fileRef = B11938462669E101003C9005 /* NewTransaction.swift */; };
		B11938492669EAEE003C9005 /* EditTransactionView.swift in Sources */ = {isa = PBXBuildFile; fileRef = B11938482669EAEE003C9005 /* EditTransactionView.swift */; };
		B1193851266A9475003C9005 /* AccountDetailView.swift in Sources */ = {isa = PBXBuildFile; fileRef = B1193850266A9475003C9005 /* AccountDetailView.swift */; };
		B1193855266AA5F9003C9005 /* EditAccountView.swift in Sources */ = {isa = PBXBuildFile; fileRef = B1193854266AA5F9003C9005 /* EditAccountView.swift */; };
		B1193857266AA659003C9005 /* NewAccount.swift in Sources */ = {isa = PBXBuildFile; fileRef = B1193856266AA659003C9005 /* NewAccount.swift */; };
		B119385F266B4314003C9005 /* NewBudget.swift in Sources */ = {isa = PBXBuildFile; fileRef = B119385E266B4314003C9005 /* NewBudget.swift */; };
		B1193861266BE01D003C9005 /* BudgetDetailView.swift in Sources */ = {isa = PBXBuildFile; fileRef = B1193860266BE01D003C9005 /* BudgetDetailView.swift */; };
		B1193863266BE50C003C9005 /* EditBudgetView.swift in Sources */ = {isa = PBXBuildFile; fileRef = B1193862266BE50C003C9005 /* EditBudgetView.swift */; };
		B119431D266C5E720066E39E /* AccountListItemView.swift in Sources */ = {isa = PBXBuildFile; fileRef = B119431C266C5E720066E39E /* AccountListItemView.swift */; };
		B119431F266C6B560066E39E /* BudgetListItemView.swift in Sources */ = {isa = PBXBuildFile; fileRef = B119431E266C6B560066E39E /* BudgetListItemView.swift */; };
		B1194321266C6BDF0066E39E /* TransactionListItemView.swift in Sources */ = {isa = PBXBuildFile; fileRef = B1194320266C6BDF0066E39E /* TransactionListItemView.swift */; };
		B1492495266C27C4007907C8 /* PeriodsView.swift in Sources */ = {isa = PBXBuildFile; fileRef = B1492494266C27C4007907C8 /* PeriodsView.swift */; };
		B15333B22664073C00C19617 /* BudgetAppContainer.xcdatamodeld in Sources */ = {isa = PBXBuildFile; fileRef = B15333B02664073C00C19617 /* BudgetAppContainer.xcdatamodeld */; };
		B177869F2664594000A6A572 /* AccountModel.swift in Sources */ = {isa = PBXBuildFile; fileRef = B177869E2664594000A6A572 /* AccountModel.swift */; };
		B17786A126646DD900A6A572 /* NewAccountView.swift in Sources */ = {isa = PBXBuildFile; fileRef = B17786A026646DD900A6A572 /* NewAccountView.swift */; };
/* End PBXBuildFile section */

/* Begin PBXFileReference section */
		B106F19026614A4A00FD3DD3 /* Budget App Part 2.app */ = {isa = PBXFileReference; explicitFileType = wrapper.application; includeInIndex = 0; path = "Budget App Part 2.app"; sourceTree = BUILT_PRODUCTS_DIR; };
		B106F19326614A4A00FD3DD3 /* Budget_App_Part_2App.swift */ = {isa = PBXFileReference; lastKnownFileType = sourcecode.swift; path = Budget_App_Part_2App.swift; sourceTree = "<group>"; };
		B106F19526614A4A00FD3DD3 /* BudgetTabView.swift */ = {isa = PBXFileReference; lastKnownFileType = sourcecode.swift; path = BudgetTabView.swift; sourceTree = "<group>"; };
		B106F19726614A4B00FD3DD3 /* Assets.xcassets */ = {isa = PBXFileReference; lastKnownFileType = folder.assetcatalog; path = Assets.xcassets; sourceTree = "<group>"; };
		B106F19A26614A4B00FD3DD3 /* Preview Assets.xcassets */ = {isa = PBXFileReference; lastKnownFileType = folder.assetcatalog; path = "Preview Assets.xcassets"; sourceTree = "<group>"; };
		B106F19C26614A4B00FD3DD3 /* Info.plist */ = {isa = PBXFileReference; lastKnownFileType = text.plist.xml; path = Info.plist; sourceTree = "<group>"; };
		B106F1AB26614E2E00FD3DD3 /* TransactionModel.swift */ = {isa = PBXFileReference; lastKnownFileType = sourcecode.swift; path = TransactionModel.swift; sourceTree = "<group>"; };
		B106F1AF266152BF00FD3DD3 /* DashboardView.swift */ = {isa = PBXFileReference; lastKnownFileType = sourcecode.swift; path = DashboardView.swift; sourceTree = "<group>"; };
		B106F1B1266152F600FD3DD3 /* TransactionListView.swift */ = {isa = PBXFileReference; lastKnownFileType = sourcecode.swift; path = TransactionListView.swift; sourceTree = "<group>"; };
		B106F1B32661532B00FD3DD3 /* AccountView.swift */ = {isa = PBXFileReference; lastKnownFileType = sourcecode.swift; path = AccountView.swift; sourceTree = "<group>"; };
		B106F1B52661533900FD3DD3 /* BudgetView.swift */ = {isa = PBXFileReference; lastKnownFileType = sourcecode.swift; path = BudgetView.swift; sourceTree = "<group>"; };
		B106F1B7266159CB00FD3DD3 /* NewTransactionView.swift */ = {isa = PBXFileReference; lastKnownFileType = sourcecode.swift; path = NewTransactionView.swift; sourceTree = "<group>"; };
		B106F1BB26615B7700FD3DD3 /* TransactionDetailView.swift */ = {isa = PBXFileReference; lastKnownFileType = sourcecode.swift; path = TransactionDetailView.swift; sourceTree = "<group>"; };
		B10B1967266832C80098BDB7 /* OldEditTransactionView.swift */ = {isa = PBXFileReference; lastKnownFileType = sourcecode.swift; path = OldEditTransactionView.swift; sourceTree = "<group>"; };
		B1193815266867D9003C9005 /* BudgetModel.swift */ = {isa = PBXFileReference; lastKnownFileType = sourcecode.swift; path = BudgetModel.swift; sourceTree = "<group>"; };
		B119381726686E0F003C9005 /* NewBudgetView.swift */ = {isa = PBXFileReference; lastKnownFileType = sourcecode.swift; path = NewBudgetView.swift; sourceTree = "<group>"; };
		B119381A26688D15003C9005 /* TransactionListItemView.swift */ = {isa = PBXFileReference; lastKnownFileType = sourcecode.swift; path = TransactionListItemView.swift; sourceTree = "<group>"; };
		B119381C26688FD8003C9005 /* FilteredTransactionListView.swift */ = {isa = PBXFileReference; lastKnownFileType = sourcecode.swift; path = FilteredTransactionListView.swift; sourceTree = "<group>"; };
		B119381E26689445003C9005 /* SearchBarView.swift */ = {isa = PBXFileReference; lastKnownFileType = sourcecode.swift; path = SearchBarView.swift; sourceTree = "<group>"; };
		B11938202668BDE0003C9005 /* NumbersOnly.swift */ = {isa = PBXFileReference; lastKnownFileType = sourcecode.swift; path = NumbersOnly.swift; sourceTree = "<group>"; };
		B1193823266931C8003C9005 /* TransactionFilterView.swift */ = {isa = PBXFileReference; lastKnownFileType = sourcecode.swift; path = TransactionFilterView.swift; sourceTree = "<group>"; };
		B1193840266966D7003C9005 /* SearchParameters.swift */ = {isa = PBXFileReference; lastKnownFileType = sourcecode.swift; path = SearchParameters.swift; sourceTree = "<group>"; };
		B11938422669872E003C9005 /* DateExtension.swift */ = {isa = PBXFileReference; lastKnownFileType = sourcecode.swift; path = DateExtension.swift; sourceTree = "<group>"; };
		B1193844266987EC003C9005 /* OptionalExtension.swift */ = {isa = PBXFileReference; lastKnownFileType = sourcecode.swift; path = OptionalExtension.swift; sourceTree = "<group>"; };
		B11938462669E101003C9005 /* NewTransaction.swift */ = {isa = PBXFileReference; lastKnownFileType = sourcecode.swift; path = NewTransaction.swift; sourceTree = "<group>"; };
		B11938482669EAEE003C9005 /* EditTransactionView.swift */ = {isa = PBXFileReference; lastKnownFileType = sourcecode.swift; path = EditTransactionView.swift; sourceTree = "<group>"; };
		B119384E266A8DA6003C9005 /* AccountListItemView.swift */ = {isa = PBXFileReference; lastKnownFileType = sourcecode.swift; path = AccountListItemView.swift; sourceTree = "<group>"; };
		B1193850266A9475003C9005 /* AccountDetailView.swift */ = {isa = PBXFileReference; lastKnownFileType = sourcecode.swift; path = AccountDetailView.swift; sourceTree = "<group>"; };
		B1193854266AA5F9003C9005 /* EditAccountView.swift */ = {isa = PBXFileReference; lastKnownFileType = sourcecode.swift; path = EditAccountView.swift; sourceTree = "<group>"; };
		B1193856266AA659003C9005 /* NewAccount.swift */ = {isa = PBXFileReference; lastKnownFileType = sourcecode.swift; path = NewAccount.swift; sourceTree = "<group>"; };
		B1193858266AD0A8003C9005 /* TESTVIEW.swift */ = {isa = PBXFileReference; lastKnownFileType = sourcecode.swift; path = TESTVIEW.swift; sourceTree = "<group>"; };
		B119385E266B4314003C9005 /* NewBudget.swift */ = {isa = PBXFileReference; lastKnownFileType = sourcecode.swift; path = NewBudget.swift; sourceTree = "<group>"; };
		B1193860266BE01D003C9005 /* BudgetDetailView.swift */ = {isa = PBXFileReference; lastKnownFileType = sourcecode.swift; path = BudgetDetailView.swift; sourceTree = "<group>"; };
		B1193862266BE50C003C9005 /* EditBudgetView.swift */ = {isa = PBXFileReference; lastKnownFileType = sourcecode.swift; path = EditBudgetView.swift; sourceTree = "<group>"; };
		B119431C266C5E720066E39E /* AccountListItemView.swift */ = {isa = PBXFileReference; lastKnownFileType = sourcecode.swift; path = AccountListItemView.swift; sourceTree = "<group>"; };
		B119431E266C6B560066E39E /* BudgetListItemView.swift */ = {isa = PBXFileReference; lastKnownFileType = sourcecode.swift; path = BudgetListItemView.swift; sourceTree = "<group>"; };
		B1194320266C6BDF0066E39E /* TransactionListItemView.swift */ = {isa = PBXFileReference; lastKnownFileType = sourcecode.swift; path = TransactionListItemView.swift; sourceTree = "<group>"; };
		B1492494266C27C4007907C8 /* PeriodsView.swift */ = {isa = PBXFileReference; lastKnownFileType = sourcecode.swift; path = PeriodsView.swift; sourceTree = "<group>"; };
		B15333B12664073C00C19617 /* BudgetAppContainer.xcdatamodel */ = {isa = PBXFileReference; lastKnownFileType = wrapper.xcdatamodel; path = BudgetAppContainer.xcdatamodel; sourceTree = "<group>"; };
		B177869E2664594000A6A572 /* AccountModel.swift */ = {isa = PBXFileReference; lastKnownFileType = sourcecode.swift; path = AccountModel.swift; sourceTree = "<group>"; };
		B17786A026646DD900A6A572 /* NewAccountView.swift */ = {isa = PBXFileReference; lastKnownFileType = sourcecode.swift; path = NewAccountView.swift; sourceTree = "<group>"; };
/* End PBXFileReference section */

/* Begin PBXFrameworksBuildPhase section */
		B106F18D26614A4A00FD3DD3 /* Frameworks */ = {
			isa = PBXFrameworksBuildPhase;
			buildActionMask = 2147483647;
			files = (
			);
			runOnlyForDeploymentPostprocessing = 0;
		};
/* End PBXFrameworksBuildPhase section */

/* Begin PBXGroup section */
		B106F18726614A4A00FD3DD3 = {
			isa = PBXGroup;
			children = (
				B106F19226614A4A00FD3DD3 /* Budget App Part 2 */,
				B106F19126614A4A00FD3DD3 /* Products */,
			);
			sourceTree = "<group>";
		};
		B106F19126614A4A00FD3DD3 /* Products */ = {
			isa = PBXGroup;
			children = (
				B106F19026614A4A00FD3DD3 /* Budget App Part 2.app */,
			);
			name = Products;
			sourceTree = "<group>";
		};
		B106F19226614A4A00FD3DD3 /* Budget App Part 2 */ = {
			isa = PBXGroup;
			children = (
				B106F19326614A4A00FD3DD3 /* Budget_App_Part_2App.swift */,
				B106F1A226614B1100FD3DD3 /* Views */,
				B106F1A326614B1700FD3DD3 /* ViewModels */,
				B106F1A426614B1D00FD3DD3 /* Models & Extensions */,
				B106F1A626614B2700FD3DD3 /* Data */,
				B106F19726614A4B00FD3DD3 /* Assets.xcassets */,
				B106F19C26614A4B00FD3DD3 /* Info.plist */,
				B106F19926614A4B00FD3DD3 /* Preview Content */,
			);
			path = "Budget App Part 2";
			sourceTree = "<group>";
		};
		B106F19926614A4B00FD3DD3 /* Preview Content */ = {
			isa = PBXGroup;
			children = (
				B106F19A26614A4B00FD3DD3 /* Preview Assets.xcassets */,
			);
			path = "Preview Content";
			sourceTree = "<group>";
		};
		B106F1A226614B1100FD3DD3 /* Views */ = {
			isa = PBXGroup;
			children = (
				B106F19526614A4A00FD3DD3 /* BudgetTabView.swift */,
				B106F1AF266152BF00FD3DD3 /* DashboardView.swift */,
				B119384B266A8962003C9005 /* Transaction Views */,
				B119384C266A8C1E003C9005 /* Account Views */,
				B119384D266A8C41003C9005 /* Budget Views */,
				B119381926688CDC003C9005 /* Mini Views */,
				B11938222668C005003C9005 /* Retired */,
			);
			path = Views;
			sourceTree = "<group>";
		};
		B106F1A326614B1700FD3DD3 /* ViewModels */ = {
			isa = PBXGroup;
			children = (
				B106F1AB26614E2E00FD3DD3 /* TransactionModel.swift */,
				B177869E2664594000A6A572 /* AccountModel.swift */,
				B1193815266867D9003C9005 /* BudgetModel.swift */,
			);
			path = ViewModels;
			sourceTree = "<group>";
		};
		B106F1A426614B1D00FD3DD3 /* Models & Extensions */ = {
			isa = PBXGroup;
			children = (
				B11938462669E101003C9005 /* NewTransaction.swift */,
				B1193856266AA659003C9005 /* NewAccount.swift */,
				B119385E266B4314003C9005 /* NewBudget.swift */,
				B1193840266966D7003C9005 /* SearchParameters.swift */,
				B11938202668BDE0003C9005 /* NumbersOnly.swift */,
				B11938422669872E003C9005 /* DateExtension.swift */,
				B1193844266987EC003C9005 /* OptionalExtension.swift */,
			);
			path = "Models & Extensions";
			sourceTree = "<group>";
		};
		B106F1A626614B2700FD3DD3 /* Data */ = {
			isa = PBXGroup;
			children = (
				B15333B02664073C00C19617 /* BudgetAppContainer.xcdatamodeld */,
			);
			path = Data;
			sourceTree = "<group>";
		};
		B119381926688CDC003C9005 /* Mini Views */ = {
			isa = PBXGroup;
			children = (
				B119381E26689445003C9005 /* SearchBarView.swift */,
			);
			path = "Mini Views";
			sourceTree = "<group>";
		};
		B11938222668C005003C9005 /* Retired */ = {
			isa = PBXGroup;
			children = (
				B119381A26688D15003C9005 /* TransactionListItemView.swift */,
				B119384E266A8DA6003C9005 /* AccountListItemView.swift */,
				B106F1B1266152F600FD3DD3 /* TransactionListView.swift */,
				B10B1967266832C80098BDB7 /* OldEditTransactionView.swift */,
				B1193858266AD0A8003C9005 /* TESTVIEW.swift */,
			);
			path = Retired;
			sourceTree = "<group>";
		};
		B119384B266A8962003C9005 /* Transaction Views */ = {
			isa = PBXGroup;
			children = (
				B119381C26688FD8003C9005 /* FilteredTransactionListView.swift */,
				B1193823266931C8003C9005 /* TransactionFilterView.swift */,
				B106F1B7266159CB00FD3DD3 /* NewTransactionView.swift */,
				B106F1BB26615B7700FD3DD3 /* TransactionDetailView.swift */,
				B11938482669EAEE003C9005 /* EditTransactionView.swift */,
				B1194320266C6BDF0066E39E /* TransactionListItemView.swift */,
			);
			path = "Transaction Views";
			sourceTree = "<group>";
		};
		B119384C266A8C1E003C9005 /* Account Views */ = {
			isa = PBXGroup;
			children = (
				B106F1B32661532B00FD3DD3 /* AccountView.swift */,
				B17786A026646DD900A6A572 /* NewAccountView.swift */,
				B1193850266A9475003C9005 /* AccountDetailView.swift */,
				B1193854266AA5F9003C9005 /* EditAccountView.swift */,
				B119431C266C5E720066E39E /* AccountListItemView.swift */,
			);
			path = "Account Views";
			sourceTree = "<group>";
		};
		B119384D266A8C41003C9005 /* Budget Views */ = {
			isa = PBXGroup;
			children = (
				B106F1B52661533900FD3DD3 /* BudgetView.swift */,
				B119381726686E0F003C9005 /* NewBudgetView.swift */,
				B1193860266BE01D003C9005 /* BudgetDetailView.swift */,
				B1193862266BE50C003C9005 /* EditBudgetView.swift */,
				B1492494266C27C4007907C8 /* PeriodsView.swift */,
				B119431E266C6B560066E39E /* BudgetListItemView.swift */,
			);
			path = "Budget Views";
			sourceTree = "<group>";
		};
/* End PBXGroup section */

/* Begin PBXNativeTarget section */
		B106F18F26614A4A00FD3DD3 /* Budget App Part 2 */ = {
			isa = PBXNativeTarget;
			buildConfigurationList = B106F19F26614A4B00FD3DD3 /* Build configuration list for PBXNativeTarget "Budget App Part 2" */;
			buildPhases = (
				B106F18C26614A4A00FD3DD3 /* Sources */,
				B106F18D26614A4A00FD3DD3 /* Frameworks */,
				B106F18E26614A4A00FD3DD3 /* Resources */,
			);
			buildRules = (
			);
			dependencies = (
			);
			name = "Budget App Part 2";
			productName = "Budget App Part 2";
			productReference = B106F19026614A4A00FD3DD3 /* Budget App Part 2.app */;
			productType = "com.apple.product-type.application";
		};
/* End PBXNativeTarget section */

/* Begin PBXProject section */
		B106F18826614A4A00FD3DD3 /* Project object */ = {
			isa = PBXProject;
			attributes = {
				LastSwiftUpdateCheck = 1250;
				LastUpgradeCheck = 1250;
				TargetAttributes = {
					B106F18F26614A4A00FD3DD3 = {
						CreatedOnToolsVersion = 12.5;
					};
				};
			};
			buildConfigurationList = B106F18B26614A4A00FD3DD3 /* Build configuration list for PBXProject "Budget App Part 2" */;
			compatibilityVersion = "Xcode 9.3";
			developmentRegion = en;
			hasScannedForEncodings = 0;
			knownRegions = (
				en,
				Base,
			);
			mainGroup = B106F18726614A4A00FD3DD3;
			productRefGroup = B106F19126614A4A00FD3DD3 /* Products */;
			projectDirPath = "";
			projectRoot = "";
			targets = (
				B106F18F26614A4A00FD3DD3 /* Budget App Part 2 */,
			);
		};
/* End PBXProject section */

/* Begin PBXResourcesBuildPhase section */
		B106F18E26614A4A00FD3DD3 /* Resources */ = {
			isa = PBXResourcesBuildPhase;
			buildActionMask = 2147483647;
			files = (
				B106F19B26614A4B00FD3DD3 /* Preview Assets.xcassets in Resources */,
				B106F19826614A4B00FD3DD3 /* Assets.xcassets in Resources */,
			);
			runOnlyForDeploymentPostprocessing = 0;
		};
/* End PBXResourcesBuildPhase section */

/* Begin PBXSourcesBuildPhase section */
		B106F18C26614A4A00FD3DD3 /* Sources */ = {
			isa = PBXSourcesBuildPhase;
			buildActionMask = 2147483647;
			files = (
				B1492495266C27C4007907C8 /* PeriodsView.swift in Sources */,
				B106F1B62661533900FD3DD3 /* BudgetView.swift in Sources */,
				B1193861266BE01D003C9005 /* BudgetDetailView.swift in Sources */,
				B11938212668BDE0003C9005 /* NumbersOnly.swift in Sources */,
				B1194321266C6BDF0066E39E /* TransactionListItemView.swift in Sources */,
				B17786A126646DD900A6A572 /* NewAccountView.swift in Sources */,
				B11938432669872E003C9005 /* DateExtension.swift in Sources */,
				B106F1BC26615B7700FD3DD3 /* TransactionDetailView.swift in Sources */,
				B119385F266B4314003C9005 /* NewBudget.swift in Sources */,
				B1193857266AA659003C9005 /* NewAccount.swift in Sources */,
				B119431F266C6B560066E39E /* BudgetListItemView.swift in Sources */,
				B1193841266966D7003C9005 /* SearchParameters.swift in Sources */,
				B1193855266AA5F9003C9005 /* EditAccountView.swift in Sources */,
				B106F1AC26614E2E00FD3DD3 /* TransactionModel.swift in Sources */,
				B106F19626614A4A00FD3DD3 /* BudgetTabView.swift in Sources */,
				B119431D266C5E720066E39E /* AccountListItemView.swift in Sources */,
				B11938492669EAEE003C9005 /* EditTransactionView.swift in Sources */,
				B1193845266987EC003C9005 /* OptionalExtension.swift in Sources */,
				B106F19426614A4A00FD3DD3 /* Budget_App_Part_2App.swift in Sources */,
				B1193824266931C8003C9005 /* TransactionFilterView.swift in Sources */,
				B106F1B42661532B00FD3DD3 /* AccountView.swift in Sources */,
				B119381F26689445003C9005 /* SearchBarView.swift in Sources */,
				B119381D26688FD8003C9005 /* FilteredTransactionListView.swift in Sources */,
				B119381426685FBB003C9005 /* NewTransactionView.swift in Sources */,
				B1193816266867D9003C9005 /* BudgetModel.swift in Sources */,
				B177869F2664594000A6A572 /* AccountModel.swift in Sources */,
				B15333B22664073C00C19617 /* BudgetAppContainer.xcdatamodeld in Sources */,
				B119381826686E0F003C9005 /* NewBudgetView.swift in Sources */,
				B106F1B0266152BF00FD3DD3 /* DashboardView.swift in Sources */,
				B1193851266A9475003C9005 /* AccountDetailView.swift in Sources */,
				B11938472669E101003C9005 /* NewTransaction.swift in Sources */,
				B1193863266BE50C003C9005 /* EditBudgetView.swift in Sources */,
			);
			runOnlyForDeploymentPostprocessing = 0;
		};
/* End PBXSourcesBuildPhase section */

/* Begin XCBuildConfiguration section */
		B106F19D26614A4B00FD3DD3 /* Debug */ = {
			isa = XCBuildConfiguration;
			buildSettings = {
				ALWAYS_SEARCH_USER_PATHS = NO;
				CLANG_ANALYZER_NONNULL = YES;
				CLANG_ANALYZER_NUMBER_OBJECT_CONVERSION = YES_AGGRESSIVE;
				CLANG_CXX_LANGUAGE_STANDARD = "gnu++14";
				CLANG_CXX_LIBRARY = "libc++";
				CLANG_ENABLE_MODULES = YES;
				CLANG_ENABLE_OBJC_ARC = YES;
				CLANG_ENABLE_OBJC_WEAK = YES;
				CLANG_WARN_BLOCK_CAPTURE_AUTORELEASING = YES;
				CLANG_WARN_BOOL_CONVERSION = YES;
				CLANG_WARN_COMMA = YES;
				CLANG_WARN_CONSTANT_CONVERSION = YES;
				CLANG_WARN_DEPRECATED_OBJC_IMPLEMENTATIONS = YES;
				CLANG_WARN_DIRECT_OBJC_ISA_USAGE = YES_ERROR;
				CLANG_WARN_DOCUMENTATION_COMMENTS = YES;
				CLANG_WARN_EMPTY_BODY = YES;
				CLANG_WARN_ENUM_CONVERSION = YES;
				CLANG_WARN_INFINITE_RECURSION = YES;
				CLANG_WARN_INT_CONVERSION = YES;
				CLANG_WARN_NON_LITERAL_NULL_CONVERSION = YES;
				CLANG_WARN_OBJC_IMPLICIT_RETAIN_SELF = YES;
				CLANG_WARN_OBJC_LITERAL_CONVERSION = YES;
				CLANG_WARN_OBJC_ROOT_CLASS = YES_ERROR;
				CLANG_WARN_QUOTED_INCLUDE_IN_FRAMEWORK_HEADER = YES;
				CLANG_WARN_RANGE_LOOP_ANALYSIS = YES;
				CLANG_WARN_STRICT_PROTOTYPES = YES;
				CLANG_WARN_SUSPICIOUS_MOVE = YES;
				CLANG_WARN_UNGUARDED_AVAILABILITY = YES_AGGRESSIVE;
				CLANG_WARN_UNREACHABLE_CODE = YES;
				CLANG_WARN__DUPLICATE_METHOD_MATCH = YES;
				COPY_PHASE_STRIP = NO;
				DEBUG_INFORMATION_FORMAT = dwarf;
				ENABLE_STRICT_OBJC_MSGSEND = YES;
				ENABLE_TESTABILITY = YES;
				GCC_C_LANGUAGE_STANDARD = gnu11;
				GCC_DYNAMIC_NO_PIC = NO;
				GCC_NO_COMMON_BLOCKS = YES;
				GCC_OPTIMIZATION_LEVEL = 0;
				GCC_PREPROCESSOR_DEFINITIONS = (
					"DEBUG=1",
					"$(inherited)",
				);
				GCC_WARN_64_TO_32_BIT_CONVERSION = YES;
				GCC_WARN_ABOUT_RETURN_TYPE = YES_ERROR;
				GCC_WARN_UNDECLARED_SELECTOR = YES;
				GCC_WARN_UNINITIALIZED_AUTOS = YES_AGGRESSIVE;
				GCC_WARN_UNUSED_FUNCTION = YES;
				GCC_WARN_UNUSED_VARIABLE = YES;
				IPHONEOS_DEPLOYMENT_TARGET = 14.5;
				MTL_ENABLE_DEBUG_INFO = INCLUDE_SOURCE;
				MTL_FAST_MATH = YES;
				ONLY_ACTIVE_ARCH = YES;
				SDKROOT = iphoneos;
				SWIFT_ACTIVE_COMPILATION_CONDITIONS = DEBUG;
				SWIFT_OPTIMIZATION_LEVEL = "-Onone";
			};
			name = Debug;
		};
		B106F19E26614A4B00FD3DD3 /* Release */ = {
			isa = XCBuildConfiguration;
			buildSettings = {
				ALWAYS_SEARCH_USER_PATHS = NO;
				CLANG_ANALYZER_NONNULL = YES;
				CLANG_ANALYZER_NUMBER_OBJECT_CONVERSION = YES_AGGRESSIVE;
				CLANG_CXX_LANGUAGE_STANDARD = "gnu++14";
				CLANG_CXX_LIBRARY = "libc++";
				CLANG_ENABLE_MODULES = YES;
				CLANG_ENABLE_OBJC_ARC = YES;
				CLANG_ENABLE_OBJC_WEAK = YES;
				CLANG_WARN_BLOCK_CAPTURE_AUTORELEASING = YES;
				CLANG_WARN_BOOL_CONVERSION = YES;
				CLANG_WARN_COMMA = YES;
				CLANG_WARN_CONSTANT_CONVERSION = YES;
				CLANG_WARN_DEPRECATED_OBJC_IMPLEMENTATIONS = YES;
				CLANG_WARN_DIRECT_OBJC_ISA_USAGE = YES_ERROR;
				CLANG_WARN_DOCUMENTATION_COMMENTS = YES;
				CLANG_WARN_EMPTY_BODY = YES;
				CLANG_WARN_ENUM_CONVERSION = YES;
				CLANG_WARN_INFINITE_RECURSION = YES;
				CLANG_WARN_INT_CONVERSION = YES;
				CLANG_WARN_NON_LITERAL_NULL_CONVERSION = YES;
				CLANG_WARN_OBJC_IMPLICIT_RETAIN_SELF = YES;
				CLANG_WARN_OBJC_LITERAL_CONVERSION = YES;
				CLANG_WARN_OBJC_ROOT_CLASS = YES_ERROR;
				CLANG_WARN_QUOTED_INCLUDE_IN_FRAMEWORK_HEADER = YES;
				CLANG_WARN_RANGE_LOOP_ANALYSIS = YES;
				CLANG_WARN_STRICT_PROTOTYPES = YES;
				CLANG_WARN_SUSPICIOUS_MOVE = YES;
				CLANG_WARN_UNGUARDED_AVAILABILITY = YES_AGGRESSIVE;
				CLANG_WARN_UNREACHABLE_CODE = YES;
				CLANG_WARN__DUPLICATE_METHOD_MATCH = YES;
				COPY_PHASE_STRIP = NO;
				DEBUG_INFORMATION_FORMAT = "dwarf-with-dsym";
				ENABLE_NS_ASSERTIONS = NO;
				ENABLE_STRICT_OBJC_MSGSEND = YES;
				GCC_C_LANGUAGE_STANDARD = gnu11;
				GCC_NO_COMMON_BLOCKS = YES;
				GCC_WARN_64_TO_32_BIT_CONVERSION = YES;
				GCC_WARN_ABOUT_RETURN_TYPE = YES_ERROR;
				GCC_WARN_UNDECLARED_SELECTOR = YES;
				GCC_WARN_UNINITIALIZED_AUTOS = YES_AGGRESSIVE;
				GCC_WARN_UNUSED_FUNCTION = YES;
				GCC_WARN_UNUSED_VARIABLE = YES;
				IPHONEOS_DEPLOYMENT_TARGET = 14.5;
				MTL_ENABLE_DEBUG_INFO = NO;
				MTL_FAST_MATH = YES;
				SDKROOT = iphoneos;
				SWIFT_COMPILATION_MODE = wholemodule;
				SWIFT_OPTIMIZATION_LEVEL = "-O";
				VALIDATE_PRODUCT = YES;
			};
			name = Release;
		};
		B106F1A026614A4B00FD3DD3 /* Debug */ = {
			isa = XCBuildConfiguration;
			buildSettings = {
				ASSETCATALOG_COMPILER_APPICON_NAME = AppIcon;
				ASSETCATALOG_COMPILER_GLOBAL_ACCENT_COLOR_NAME = AccentColor;
				CODE_SIGN_STYLE = Automatic;
				DEVELOPMENT_ASSET_PATHS = "\"Budget App Part 2/Preview Content\"";
				DEVELOPMENT_TEAM = ZZAT2A2N8K;
				ENABLE_PREVIEWS = YES;
				INFOPLIST_FILE = "Budget App Part 2/Info.plist";
				IPHONEOS_DEPLOYMENT_TARGET = 14.0;
				LD_RUNPATH_SEARCH_PATHS = (
					"$(inherited)",
					"@executable_path/Frameworks",
				);
				PRODUCT_BUNDLE_IDENTIFIER = "com.TrevorSchoeny.Budget-App-Part-2";
				PRODUCT_NAME = "$(TARGET_NAME)";
				SWIFT_VERSION = 5.0;
				TARGETED_DEVICE_FAMILY = "1,2";
			};
			name = Debug;
		};
		B106F1A126614A4B00FD3DD3 /* Release */ = {
			isa = XCBuildConfiguration;
			buildSettings = {
				ASSETCATALOG_COMPILER_APPICON_NAME = AppIcon;
				ASSETCATALOG_COMPILER_GLOBAL_ACCENT_COLOR_NAME = AccentColor;
				CODE_SIGN_STYLE = Automatic;
				DEVELOPMENT_ASSET_PATHS = "\"Budget App Part 2/Preview Content\"";
				DEVELOPMENT_TEAM = ZZAT2A2N8K;
				ENABLE_PREVIEWS = YES;
				INFOPLIST_FILE = "Budget App Part 2/Info.plist";
				IPHONEOS_DEPLOYMENT_TARGET = 14.0;
				LD_RUNPATH_SEARCH_PATHS = (
					"$(inherited)",
					"@executable_path/Frameworks",
				);
				PRODUCT_BUNDLE_IDENTIFIER = "com.TrevorSchoeny.Budget-App-Part-2";
				PRODUCT_NAME = "$(TARGET_NAME)";
				SWIFT_VERSION = 5.0;
				TARGETED_DEVICE_FAMILY = "1,2";
			};
			name = Release;
		};
/* End XCBuildConfiguration section */

/* Begin XCConfigurationList section */
		B106F18B26614A4A00FD3DD3 /* Build configuration list for PBXProject "Budget App Part 2" */ = {
			isa = XCConfigurationList;
			buildConfigurations = (
				B106F19D26614A4B00FD3DD3 /* Debug */,
				B106F19E26614A4B00FD3DD3 /* Release */,
			);
			defaultConfigurationIsVisible = 0;
			defaultConfigurationName = Release;
		};
		B106F19F26614A4B00FD3DD3 /* Build configuration list for PBXNativeTarget "Budget App Part 2" */ = {
			isa = XCConfigurationList;
			buildConfigurations = (
				B106F1A026614A4B00FD3DD3 /* Debug */,
				B106F1A126614A4B00FD3DD3 /* Release */,
			);
			defaultConfigurationIsVisible = 0;
			defaultConfigurationName = Release;
		};
/* End XCConfigurationList section */

/* Begin XCVersionGroup section */
		B15333B02664073C00C19617 /* BudgetAppContainer.xcdatamodeld */ = {
			isa = XCVersionGroup;
			children = (
				B15333B12664073C00C19617 /* BudgetAppContainer.xcdatamodel */,
			);
			currentVersion = B15333B12664073C00C19617 /* BudgetAppContainer.xcdatamodel */;
			path = BudgetAppContainer.xcdatamodeld;
			sourceTree = "<group>";
			versionGroupType = wrapper.xcdatamodel;
		};
/* End XCVersionGroup section */
	};
	rootObject = B106F18826614A4A00FD3DD3 /* Project object */;
}
